
Microsoft Visual Studio Solution File, Format Version 12.00
# Visual Studio Version 17
VisualStudioVersion = 17.1.32210.238
MinimumVisualStudioVersion = 10.0.40219.1
Project("{9A19103F-16F7-4668-BE54-9A1E7A4F7556}") = "ETBD", "ETBD\ETBD.csproj", "{DEFDA6B6-383D-449F-8B89-08DC56C32EF3}"
EndProject
Global
	GlobalSection(SolutionConfigurationPlatforms) = preSolution
		Debug|Any CPU = Debug|Any CPU
		Release|Any CPU = Release|Any CPU
	EndGlobalSection
	GlobalSection(ProjectConfigurationPlatforms) = postSolution
		{DEFDA6B6-383D-449F-8B89-08DC56C32EF3}.Debug|Any CPU.ActiveCfg = Debug|Any CPU
		{DEFDA6B6-383D-449F-8B89-08DC56C32EF3}.Debug|Any CPU.Build.0 = Debug|Any CPU
		{DEFDA6B6-383D-449F-8B89-08DC56C32EF3}.Release|Any CPU.ActiveCfg = Release|Any CPU
		{DEFDA6B6-383D-449F-8B89-08DC56C32EF3}.Release|Any CPU.Build.0 = Release|Any CPU
	EndGlobalSection
	GlobalSection(SolutionProperties) = preSolution
		HideSolutionNode = FALSE
	EndGlobalSection
	GlobalSection(ExtensibilityGlobals) = postSolution
		SolutionGuid = {13FEDC9D-4D02-408E-9F01-B96ECD174872}
	EndGlobalSection
EndGlobal
